
Microsoft Visual Studio Solution File, Format Version 12.00
# Visual Studio Version 16
VisualStudioVersion = 16.0.32602.291
MinimumVisualStudioVersion = 10.0.40219.1
Project("{FAE04EC0-301F-11D3-BF4B-00C04F79EFBC}") = "Connected_Class", "Connected_Class\Connected_Class.csproj", "{5516C2ED-F91A-406C-A2EE-2C1E88A569CB}"
EndProject
Global
	GlobalSection(SolutionConfigurationPlatforms) = preSolution
		Debug|Any CPU = Debug|Any CPU
		Release|Any CPU = Release|Any CPU
	EndGlobalSection
	GlobalSection(ProjectConfigurationPlatforms) = postSolution
		{5516C2ED-F91A-406C-A2EE-2C1E88A569CB}.Debug|Any CPU.ActiveCfg = Debug|Any CPU
		{5516C2ED-F91A-406C-A2EE-2C1E88A569CB}.Debug|Any CPU.Build.0 = Debug|Any CPU
		{5516C2ED-F91A-406C-A2EE-2C1E88A569CB}.Release|Any CPU.ActiveCfg = Release|Any CPU
		{5516C2ED-F91A-406C-A2EE-2C1E88A569CB}.Release|Any CPU.Build.0 = Release|Any CPU
	EndGlobalSection
	GlobalSection(SolutionProperties) = preSolution
		HideSolutionNode = FALSE
	EndGlobalSection
	GlobalSection(ExtensibilityGlobals) = postSolution
		SolutionGuid = {C98182CB-A3B0-417C-B01D-8E41DD512910}
	EndGlobalSection
EndGlobal
